
Microsoft Visual Studio Solution File, Format Version 12.00
# Visual Studio Version 17
VisualStudioVersion = 17.10.35027.167
MinimumVisualStudioVersion = 10.0.40219.1
Project("{FAE04EC0-301F-11D3-BF4B-00C04F79EFBC}") = "WebAPI", "WebAPI\WebAPI.csproj", "{A8513E0D-102F-40BD-B23B-2A3F16D53F46}"
EndProject
Project("{FAE04EC0-301F-11D3-BF4B-00C04F79EFBC}") = "Application", "Application\Application.csproj", "{8E367BF0-3088-47F5-B62B-16C9EFCEA72D}"
EndProject
Project("{FAE04EC0-301F-11D3-BF4B-00C04F79EFBC}") = "Infrastructure", "Infrastructure\Infrastructure.csproj", "{0A023641-443D-406C-A4B8-17CF866E5AFB}"
EndProject
Project("{FAE04EC0-301F-11D3-BF4B-00C04F79EFBC}") = "Domain", "Domain\Domain.csproj", "{14A36BBF-25A1-4C0F-993A-25DAFACB9512}"
EndProject
Project("{FAE04EC0-301F-11D3-BF4B-00C04F79EFBC}") = "Infrastructure.Migrations", "Infrastructure.Migrations\Infrastructure.Migrations.csproj", "{1C654F44-A06A-453A-9238-01A86CF8199A}"
EndProject
Global
	GlobalSection(SolutionConfigurationPlatforms) = preSolution
		Debug|Any CPU = Debug|Any CPU
		Release|Any CPU = Release|Any CPU
	EndGlobalSection
	GlobalSection(ProjectConfigurationPlatforms) = postSolution
		{A8513E0D-102F-40BD-B23B-2A3F16D53F46}.Debug|Any CPU.ActiveCfg = Debug|Any CPU
		{A8513E0D-102F-40BD-B23B-2A3F16D53F46}.Debug|Any CPU.Build.0 = Debug|Any CPU
		{A8513E0D-102F-40BD-B23B-2A3F16D53F46}.Release|Any CPU.ActiveCfg = Release|Any CPU
		{A8513E0D-102F-40BD-B23B-2A3F16D53F46}.Release|Any CPU.Build.0 = Release|Any CPU
		{8E367BF0-3088-47F5-B62B-16C9EFCEA72D}.Debug|Any CPU.ActiveCfg = Debug|Any CPU
		{8E367BF0-3088-47F5-B62B-16C9EFCEA72D}.Debug|Any CPU.Build.0 = Debug|Any CPU
		{8E367BF0-3088-47F5-B62B-16C9EFCEA72D}.Release|Any CPU.ActiveCfg = Release|Any CPU
		{8E367BF0-3088-47F5-B62B-16C9EFCEA72D}.Release|Any CPU.Build.0 = Release|Any CPU
		{0A023641-443D-406C-A4B8-17CF866E5AFB}.Debug|Any CPU.ActiveCfg = Debug|Any CPU
		{0A023641-443D-406C-A4B8-17CF866E5AFB}.Debug|Any CPU.Build.0 = Debug|Any CPU
		{0A023641-443D-406C-A4B8-17CF866E5AFB}.Release|Any CPU.ActiveCfg = Release|Any CPU
		{0A023641-443D-406C-A4B8-17CF866E5AFB}.Release|Any CPU.Build.0 = Release|Any CPU
		{14A36BBF-25A1-4C0F-993A-25DAFACB9512}.Debug|Any CPU.ActiveCfg = Debug|Any CPU
		{14A36BBF-25A1-4C0F-993A-25DAFACB9512}.Debug|Any CPU.Build.0 = Debug|Any CPU
		{14A36BBF-25A1-4C0F-993A-25DAFACB9512}.Release|Any CPU.ActiveCfg = Release|Any CPU
		{14A36BBF-25A1-4C0F-993A-25DAFACB9512}.Release|Any CPU.Build.0 = Release|Any CPU
		{1C654F44-A06A-453A-9238-01A86CF8199A}.Debug|Any CPU.ActiveCfg = Debug|Any CPU
		{1C654F44-A06A-453A-9238-01A86CF8199A}.Debug|Any CPU.Build.0 = Debug|Any CPU
		{1C654F44-A06A-453A-9238-01A86CF8199A}.Release|Any CPU.ActiveCfg = Release|Any CPU
		{1C654F44-A06A-453A-9238-01A86CF8199A}.Release|Any CPU.Build.0 = Release|Any CPU
	EndGlobalSection
	GlobalSection(SolutionProperties) = preSolution
		HideSolutionNode = FALSE
	EndGlobalSection
	GlobalSection(ExtensibilityGlobals) = postSolution
		SolutionGuid = {4DF263A6-E310-413E-ABAF-907AE1DC2473}
	EndGlobalSection
EndGlobal
